
Microsoft Visual Studio Solution File, Format Version 12.00
# Visual Studio Version 16
VisualStudioVersion = 16.0.31112.23
MinimumVisualStudioVersion = 10.0.40219.1
Project("{FAE04EC0-301F-11D3-BF4B-00C04F79EFBC}") = "HrLcCfCcTcAlgoDSDP", "HrLcCfTcAlgoDSDP\HrLcCfCcTcAlgoDSDP.csproj", "{E08A946A-F6C0-4AC8-B67C-9ACA9E283D8B}"
EndProject
Project("{FAE04EC0-301F-11D3-BF4B-00C04F79EFBC}") = "HackerRank", "HackerRank\HackerRank.csproj", "{5FE60942-60C0-49F2-BF90-10FE76BD4EFB}"
EndProject
Project("{FAE04EC0-301F-11D3-BF4B-00C04F79EFBC}") = "LeetCode", "LeetCode\LeetCode.csproj", "{56E81EC4-EEB6-48AD-AB15-912680A80250}"
EndProject
Project("{FAE04EC0-301F-11D3-BF4B-00C04F79EFBC}") = "CodeForce", "CodeForce\CodeForce.csproj", "{2CB6059D-E1F4-4E94-BE0D-B39263021705}"
EndProject
Project("{FAE04EC0-301F-11D3-BF4B-00C04F79EFBC}") = "TopCoder", "TopCoder\TopCoder.csproj", "{C14A658D-968C-4AAE-B30E-92E315855ECC}"
EndProject
Global
	GlobalSection(SolutionConfigurationPlatforms) = preSolution
		Debug|Any CPU = Debug|Any CPU
		Release|Any CPU = Release|Any CPU
	EndGlobalSection
	GlobalSection(ProjectConfigurationPlatforms) = postSolution
		{E08A946A-F6C0-4AC8-B67C-9ACA9E283D8B}.Debug|Any CPU.ActiveCfg = Debug|Any CPU
		{E08A946A-F6C0-4AC8-B67C-9ACA9E283D8B}.Debug|Any CPU.Build.0 = Debug|Any CPU
		{E08A946A-F6C0-4AC8-B67C-9ACA9E283D8B}.Release|Any CPU.ActiveCfg = Release|Any CPU
		{E08A946A-F6C0-4AC8-B67C-9ACA9E283D8B}.Release|Any CPU.Build.0 = Release|Any CPU
		{5FE60942-60C0-49F2-BF90-10FE76BD4EFB}.Debug|Any CPU.ActiveCfg = Debug|Any CPU
		{5FE60942-60C0-49F2-BF90-10FE76BD4EFB}.Debug|Any CPU.Build.0 = Debug|Any CPU
		{5FE60942-60C0-49F2-BF90-10FE76BD4EFB}.Release|Any CPU.ActiveCfg = Release|Any CPU
		{5FE60942-60C0-49F2-BF90-10FE76BD4EFB}.Release|Any CPU.Build.0 = Release|Any CPU
		{56E81EC4-EEB6-48AD-AB15-912680A80250}.Debug|Any CPU.ActiveCfg = Debug|Any CPU
		{56E81EC4-EEB6-48AD-AB15-912680A80250}.Debug|Any CPU.Build.0 = Debug|Any CPU
		{56E81EC4-EEB6-48AD-AB15-912680A80250}.Release|Any CPU.ActiveCfg = Release|Any CPU
		{56E81EC4-EEB6-48AD-AB15-912680A80250}.Release|Any CPU.Build.0 = Release|Any CPU
		{2CB6059D-E1F4-4E94-BE0D-B39263021705}.Debug|Any CPU.ActiveCfg = Debug|Any CPU
		{2CB6059D-E1F4-4E94-BE0D-B39263021705}.Debug|Any CPU.Build.0 = Debug|Any CPU
		{2CB6059D-E1F4-4E94-BE0D-B39263021705}.Release|Any CPU.ActiveCfg = Release|Any CPU
		{2CB6059D-E1F4-4E94-BE0D-B39263021705}.Release|Any CPU.Build.0 = Release|Any CPU
		{C14A658D-968C-4AAE-B30E-92E315855ECC}.Debug|Any CPU.ActiveCfg = Debug|Any CPU
		{C14A658D-968C-4AAE-B30E-92E315855ECC}.Debug|Any CPU.Build.0 = Debug|Any CPU
		{C14A658D-968C-4AAE-B30E-92E315855ECC}.Release|Any CPU.ActiveCfg = Release|Any CPU
		{C14A658D-968C-4AAE-B30E-92E315855ECC}.Release|Any CPU.Build.0 = Release|Any CPU
	EndGlobalSection
	GlobalSection(SolutionProperties) = preSolution
		HideSolutionNode = FALSE
	EndGlobalSection
	GlobalSection(ExtensibilityGlobals) = postSolution
		SolutionGuid = {F9710DD7-2AB5-498C-AE5D-4E5978B66B7F}
	EndGlobalSection
EndGlobal
